PODS:
  - Alamofire (5.4.2)
  - AlamofireImage (4.1.0):
    - Alamofire (~> 5.1)
  - Commons (0.1.0)
  - SwiftLint (0.43.1)

DEPENDENCIES:
  - Alamofire (~> 5.4.1)
  - AlamofireImage (~> 4.1.0)
  - Commons (from `../`)
  - SwiftLint

SPEC REPOS:
  trunk:
    - Alamofire
    - AlamofireImage
    - SwiftLint

EXTERNAL SOURCES:
  Commons:
    :path: "../"

SPEC CHECKSUMS:
  Alamofire: bfbc4c2fe5909b1d94fb4ef2277c6b3727ef5dae
  AlamofireImage: c4a2ba349885fb3064feb74d2e547bd42ce9be10
  Commons: d2d9b0d6ebb0ad6fb0a7fa3601815badbb488bab
  SwiftLint: 99f82d07b837b942dd563c668de129a03fc3fb52

PODFILE CHECKSUM: 5f82600e38cf139d297cf1cc1d74d4c9132a55dd

COCOAPODS: 1.10.1
